
Microsoft Visual Studio Solution File, Format Version 11.00
# Visual Studio 2010
Project("{FAE04EC0-301F-11D3-BF4B-00C04F79EFBC}") = "WBS_WEB", "WBS_WEB\WBS_WEB.csproj", "{4A51B2AE-BB35-448A-95E0-A8F32E8BA537}"
EndProject
Global
	GlobalSection(SolutionConfigurationPlatforms) = preSolution
		Debug|Any CPU = Debug|Any CPU
		Release|Any CPU = Release|Any CPU
	EndGlobalSection
	GlobalSection(ProjectConfigurationPlatforms) = postSolution
		{4A51B2AE-BB35-448A-95E0-A8F32E8BA537}.Debug|Any CPU.ActiveCfg = Debug|Any CPU
		{4A51B2AE-BB35-448A-95E0-A8F32E8BA537}.Debug|Any CPU.Build.0 = Debug|Any CPU
		{4A51B2AE-BB35-448A-95E0-A8F32E8BA537}.Release|Any CPU.ActiveCfg = Release|Any CPU
		{4A51B2AE-BB35-448A-95E0-A8F32E8BA537}.Release|Any CPU.Build.0 = Release|Any CPU
	EndGlobalSection
	GlobalSection(SolutionProperties) = preSolution
		HideSolutionNode = FALSE
	EndGlobalSection
EndGlobal
